
Microsoft Visual Studio Solution File, Format Version 12.00
# Visual Studio Version 16
VisualStudioVersion = 16.0.30204.135
MinimumVisualStudioVersion = 10.0.40219.1
Project("{888888A0-9F3D-457C-B088-3A5042F75D52}") = "ShurimaBot", "ShurimaBot.pyproj", "{DCE7B76E-F902-4F33-B755-0D4217FD5EA6}"
EndProject
Project("{888888A0-9F3D-457C-B088-3A5042F75D52}") = "ShurimaAPI", "..\ShurimaAPI\ShurimaAPI.pyproj", "{BF8C0D2A-E959-4E50-A32F-60AF06FE90BB}"
EndProject
Global
	GlobalSection(SolutionConfigurationPlatforms) = preSolution
		Debug|Any CPU = Debug|Any CPU
		Release|Any CPU = Release|Any CPU
	EndGlobalSection
	GlobalSection(ProjectConfigurationPlatforms) = postSolution
		{DCE7B76E-F902-4F33-B755-0D4217FD5EA6}.Debug|Any CPU.ActiveCfg = Debug|Any CPU
		{DCE7B76E-F902-4F33-B755-0D4217FD5EA6}.Release|Any CPU.ActiveCfg = Release|Any CPU
		{BF8C0D2A-E959-4E50-A32F-60AF06FE90BB}.Debug|Any CPU.ActiveCfg = Debug|Any CPU
		{BF8C0D2A-E959-4E50-A32F-60AF06FE90BB}.Release|Any CPU.ActiveCfg = Release|Any CPU
	EndGlobalSection
	GlobalSection(SolutionProperties) = preSolution
		HideSolutionNode = FALSE
	EndGlobalSection
	GlobalSection(ExtensibilityGlobals) = postSolution
		SolutionGuid = {96D7B95B-11EF-4538-AE1F-E11C96149CAE}
	EndGlobalSection
EndGlobal
